// !$*UTF8*$!
{
archiveVersion = 1;
classes = {};
objectVersion = 56;
objects = {
7EB492CA521F7206E680AF12 = {isa = PBXFileReference; lastKnownFileType = "sourcecode.swift"; path = "Shared/CoreEngine.swift"; sourceTree = SOURCE_ROOT;};
180CFF50256E8750EA6041B4 = {isa = PBXFileReference; lastKnownFileType = "sourcecode.swift"; path = "Shared/SharedStore.swift"; sourceTree = SOURCE_ROOT;};
8D8ED5FA2851C9C861E46DD0 = {isa = PBXFileReference; lastKnownFileType = "sourcecode.swift"; path = "Runner/AppDelegate.swift"; sourceTree = SOURCE_ROOT;};
519C0612BB79235C3E586077 = {isa = PBXFileReference; lastKnownFileType = "sourcecode.swift"; path = "Runner/IOSService.swift"; sourceTree = SOURCE_ROOT;};
43F4D714A5F782D4D65C824D = {isa = PBXFileReference; lastKnownFileType = "sourcecode.c.objc"; path = "Runner/GeneratedPluginRegistrant.m"; sourceTree = SOURCE_ROOT;};
C627DF14BE04AFC70E846D78 = {isa = PBXFileReference; lastKnownFileType = "sourcecode.swift"; path = "PacketTunnel/PacketTunnelProvider.swift"; sourceTree = SOURCE_ROOT;};
EEBA11446DC84CB5F5C0B04D = {isa = PBXFileReference; lastKnownFileType = "sourcecode.swift"; path = "PacketTunnel/TunnelNetwork.swift"; sourceTree = SOURCE_ROOT;};
277B9358609E0D3008378E87 = {isa = PBXFileReference; lastKnownFileType = "sourcecode.c.c"; path = "PacketTunnel/TunnelDescriptor.c"; sourceTree = SOURCE_ROOT;};
93102FDA041F08116DAB3045 = {isa = PBXFileReference; lastKnownFileType = "file.storyboard"; path = "Runner/Base.lproj/Main.storyboard"; sourceTree = SOURCE_ROOT;};
0F93B9B797E06C5137DA2FD6 = {isa = PBXFileReference; lastKnownFileType = "file.storyboard"; path = "Runner/Base.lproj/LaunchScreen.storyboard"; sourceTree = SOURCE_ROOT;};
3E5D1206360B0A3752DEF4D9 = {isa = PBXFileReference; lastKnownFileType = "folder.assetcatalog"; path = "Runner/Assets.xcassets"; sourceTree = SOURCE_ROOT;};
ADB806B03330F589C88EB1DC = {isa = PBXFileReference; lastKnownFileType = "sourcecode.c.h"; path = "Shared/MeowCore.h"; sourceTree = SOURCE_ROOT;};
73482BEEB318AB7D0C54031C = {isa = PBXFileReference; lastKnownFileType = "sourcecode.c.h"; path = "Runner/Runner-Bridging-Header.h"; sourceTree = SOURCE_ROOT;};
30E9315EFE8CC7424097C1FD = {isa = PBXFileReference; lastKnownFileType = "sourcecode.c.h"; path = "Runner/GeneratedPluginRegistrant.h"; sourceTree = SOURCE_ROOT;};
5A1A5ABB0239FD615742A54F = {isa = PBXFileReference; lastKnownFileType = "sourcecode.c.h"; path = "PacketTunnel/PacketTunnel-Bridging-Header.h"; sourceTree = SOURCE_ROOT;};
5B5C11E234714AC5C2909689 = {isa = PBXFileReference; lastKnownFileType = "text.plist.xml"; path = "Runner/Info.plist"; sourceTree = SOURCE_ROOT;};
EC8E6730DA9039BD42A1F508 = {isa = PBXFileReference; lastKnownFileType = "text.plist.xml"; path = "PacketTunnel/Info.plist"; sourceTree = SOURCE_ROOT;};
DB05A456C01C31C44B7C2204 = {isa = PBXFileReference; lastKnownFileType = "text.plist.entitlements"; path = "Runner/Runner.entitlements"; sourceTree = SOURCE_ROOT;};
8BBCE8199A18D868385867C2 = {isa = PBXFileReference; lastKnownFileType = "text.plist.entitlements"; path = "PacketTunnel/PacketTunnel.entitlements"; sourceTree = SOURCE_ROOT;};
33D6016D654C59424AD9F78C = {isa = PBXFileReference; lastKnownFileType = "text.xcconfig"; path = "Flutter/Debug.xcconfig"; sourceTree = SOURCE_ROOT;};
10DF966175FDB4190FD04B03 = {isa = PBXFileReference; lastKnownFileType = "text.xcconfig"; path = "Flutter/Release.xcconfig"; sourceTree = SOURCE_ROOT;};
5D81A7158FDB1CA949463BB9 = {isa = PBXFileReference; lastKnownFileType = "text.xcconfig"; path = "Flutter/Profile.xcconfig"; sourceTree = SOURCE_ROOT;};
9D34501E45F1140DA03ADE3D = {isa = PBXFileReference; lastKnownFileType = "text.xcconfig"; path = "Config/Identifiers.xcconfig"; sourceTree = SOURCE_ROOT;};
02A7A45DE75AB9523C719AB4 = {isa = PBXFileReference; lastKnownFileType = "text.xcconfig"; path = "Config/PacketTunnel.xcconfig"; sourceTree = SOURCE_ROOT;};
A1BCD60CB254EA979642C0C7 = {isa = PBXFileReference; lastKnownFileType = "text.script.sh"; path = "build_core.sh"; sourceTree = SOURCE_ROOT;};
EC182A4DAB0DC039DB9FC25E = {isa = PBXFileReference; lastKnownFileType = "text.script.sh"; path = "generate_icons.sh"; sourceTree = SOURCE_ROOT;};
52F62DAEB6A87DD8AC72DD72 = {isa = PBXFileReference; explicitFileType = wrapper.application; includeInIndex = 0; path = Runner.app; sourceTree = BUILT_PRODUCTS_DIR;};
A2EA633EB532F8F45409F4B7 = {isa = PBXFileReference; explicitFileType = "wrapper.app-extension"; includeInIndex = 0; path = PacketTunnel.appex; sourceTree = BUILT_PRODUCTS_DIR;};
346BD5CC39C27EB4EB0B052A = {isa = PBXGroup; children = (52F62DAEB6A87DD8AC72DD72,A2EA633EB532F8F45409F4B7,); name = Products; sourceTree = "<group>";};
92FF466FAA05DE12ECDB004B = {isa = PBXGroup; children = (7EB492CA521F7206E680AF12,180CFF50256E8750EA6041B4,8D8ED5FA2851C9C861E46DD0,519C0612BB79235C3E586077,43F4D714A5F782D4D65C824D,C627DF14BE04AFC70E846D78,EEBA11446DC84CB5F5C0B04D,277B9358609E0D3008378E87,93102FDA041F08116DAB3045,0F93B9B797E06C5137DA2FD6,3E5D1206360B0A3752DEF4D9,ADB806B03330F589C88EB1DC,73482BEEB318AB7D0C54031C,30E9315EFE8CC7424097C1FD,5A1A5ABB0239FD615742A54F,5B5C11E234714AC5C2909689,EC8E6730DA9039BD42A1F508,DB05A456C01C31C44B7C2204,8BBCE8199A18D868385867C2,33D6016D654C59424AD9F78C,10DF966175FDB4190FD04B03,5D81A7158FDB1CA949463BB9,9D34501E45F1140DA03ADE3D,02A7A45DE75AB9523C719AB4,A1BCD60CB254EA979642C0C7,EC182A4DAB0DC039DB9FC25E,346BD5CC39C27EB4EB0B052A,); sourceTree = "<group>";};
BE244E6B6AA777099BA91BF1 = {isa = PBXBuildFile; fileRef = 8D8ED5FA2851C9C861E46DD0;};
8AE073BB710BC30573F61ED5 = {isa = PBXBuildFile; fileRef = 519C0612BB79235C3E586077;};
F8B9E27578FD874962DEF7E0 = {isa = PBXBuildFile; fileRef = 43F4D714A5F782D4D65C824D;};
236FBA7686B55F2AB7B562EC = {isa = PBXBuildFile; fileRef = 7EB492CA521F7206E680AF12;};
449E91C2DE346D620941B7A0 = {isa = PBXBuildFile; fileRef = 180CFF50256E8750EA6041B4;};
8F97D0D0D85C18E1AB2199FD = {isa = PBXSourcesBuildPhase; buildActionMask = 2147483647; files = (BE244E6B6AA777099BA91BF1,8AE073BB710BC30573F61ED5,F8B9E27578FD874962DEF7E0,236FBA7686B55F2AB7B562EC,449E91C2DE346D620941B7A0,); runOnlyForDeploymentPostprocessing = 0; };
4D612E584533F0E34772E35A = {isa = PBXBuildFile; fileRef = C627DF14BE04AFC70E846D78;};
4E4A60F3856E12BD57ADC161 = {isa = PBXBuildFile; fileRef = EEBA11446DC84CB5F5C0B04D;};
60359301EE1A40530252CDD1 = {isa = PBXBuildFile; fileRef = 277B9358609E0D3008378E87;};
9C2CE5CC22F5E1B8C34608BE = {isa = PBXBuildFile; fileRef = 7EB492CA521F7206E680AF12;};
D918201B7E64D3931BA8AEDA = {isa = PBXBuildFile; fileRef = 180CFF50256E8750EA6041B4;};
765C03D0E08C97D4E6DCD6ED = {isa = PBXSourcesBuildPhase; buildActionMask = 2147483647; files = (4D612E584533F0E34772E35A,4E4A60F3856E12BD57ADC161,60359301EE1A40530252CDD1,9C2CE5CC22F5E1B8C34608BE,D918201B7E64D3931BA8AEDA,); runOnlyForDeploymentPostprocessing = 0; };
8ABE9D9C75E97AA3A546AF4C = {isa = PBXBuildFile; fileRef = 93102FDA041F08116DAB3045;};
74E5A4840C1BED2D85C84338 = {isa = PBXBuildFile; fileRef = 0F93B9B797E06C5137DA2FD6;};
D0AF5C53C3FA90E23942B4A0 = {isa = PBXBuildFile; fileRef = 3E5D1206360B0A3752DEF4D9;};
EAECA608681C174871B6A18A = {isa = PBXResourcesBuildPhase; buildActionMask = 2147483647; files = (8ABE9D9C75E97AA3A546AF4C,74E5A4840C1BED2D85C84338,D0AF5C53C3FA90E23942B4A0,); runOnlyForDeploymentPostprocessing = 0; };
52B0FE1B3DD38B21954D93D8 = {isa = PBXFrameworksBuildPhase; buildActionMask = 2147483647; files = (); runOnlyForDeploymentPostprocessing = 0; };
C13C3EED9F70EF11CE995662 = {isa = PBXFrameworksBuildPhase; buildActionMask = 2147483647; files = (); runOnlyForDeploymentPostprocessing = 0; };
9D9FD728400214A3EF55358D = {isa = PBXBuildFile; fileRef = A2EA633EB532F8F45409F4B7; settings = {ATTRIBUTES = (RemoveHeadersOnCopy,);};};
41A895ABD88FAB6AD478B0C7 = {isa = PBXCopyFilesBuildPhase; buildActionMask = 2147483647; files = (9D9FD728400214A3EF55358D,); runOnlyForDeploymentPostprocessing = 0; dstPath = ""; dstSubfolderSpec = 13; name = "Embed App Extensions";};
8DDE35E87B69AEC928230ADC = {isa = PBXShellScriptBuildPhase; buildActionMask = 2147483647; files = (); runOnlyForDeploymentPostprocessing = 0; name = "Flutter Build"; alwaysOutOfDate = 1; shellPath = /bin/sh; shellScript = "\"$FLUTTER_ROOT/packages/flutter_tools/bin/xcode_backend.sh\" build";};
28380FFBCB8EC5D4D50E4CFA = {isa = PBXShellScriptBuildPhase; buildActionMask = 2147483647; files = (); runOnlyForDeploymentPostprocessing = 0; name = "Embed Flutter Frameworks"; alwaysOutOfDate = 1; shellPath = /bin/sh; shellScript = "\"$FLUTTER_ROOT/packages/flutter_tools/bin/xcode_backend.sh\" embed_and_thin";};
C5386CBF05D7FC8EEDA52787 = {isa = PBXShellScriptBuildPhase; buildActionMask = 2147483647; files = (); runOnlyForDeploymentPostprocessing = 0; name = "Build Go core and MeowClash icons"; alwaysOutOfDate = 1; shellPath = /bin/bash; shellScript = "bash \"$SRCROOT/build_core.sh\"";};
9C4A32203984E6AA54F3CA5D = {isa = XCBuildConfiguration;  buildSettings = {"IPHONEOS_DEPLOYMENT_TARGET" = "15.0"; "SDKROOT" = "iphoneos"; "ENABLE_USER_SCRIPT_SANDBOXING" = "NO"; "SWIFT_VERSION" = "5.0"; "CLANG_ENABLE_MODULES" = "YES"; "CLANG_ENABLE_OBJC_ARC" = "YES"; "GCC_C_LANGUAGE_STANDARD" = "gnu11"; "CLANG_CXX_LANGUAGE_STANDARD" = "gnu++17"; "DEBUG_INFORMATION_FORMAT" = "dwarf"; "GCC_OPTIMIZATION_LEVEL" = "0"; "SWIFT_OPTIMIZATION_LEVEL" = "-Onone"; "SWIFT_COMPILATION_MODE" = "singlefile"; "ONLY_ACTIVE_ARCH" = "YES"; "GCC_PREPROCESSOR_DEFINITIONS" = ("DEBUG=1","$(inherited)",); "SWIFT_ACTIVE_COMPILATION_CONDITIONS" = ("DEBUG",);}; name = Debug;};
09912808D422D63E4FEDD04D = {isa = XCBuildConfiguration;  buildSettings = {"IPHONEOS_DEPLOYMENT_TARGET" = "15.0"; "SDKROOT" = "iphoneos"; "ENABLE_USER_SCRIPT_SANDBOXING" = "NO"; "SWIFT_VERSION" = "5.0"; "CLANG_ENABLE_MODULES" = "YES"; "CLANG_ENABLE_OBJC_ARC" = "YES"; "GCC_C_LANGUAGE_STANDARD" = "gnu11"; "CLANG_CXX_LANGUAGE_STANDARD" = "gnu++17"; "DEBUG_INFORMATION_FORMAT" = "dwarf-with-dsym"; "GCC_OPTIMIZATION_LEVEL" = "s"; "SWIFT_OPTIMIZATION_LEVEL" = "-O"; "SWIFT_COMPILATION_MODE" = "wholemodule"; "ONLY_ACTIVE_ARCH" = "NO";}; name = Release;};
AB9691A9F14FA7324F5F42D4 = {isa = XCBuildConfiguration;  buildSettings = {"IPHONEOS_DEPLOYMENT_TARGET" = "15.0"; "SDKROOT" = "iphoneos"; "ENABLE_USER_SCRIPT_SANDBOXING" = "NO"; "SWIFT_VERSION" = "5.0"; "CLANG_ENABLE_MODULES" = "YES"; "CLANG_ENABLE_OBJC_ARC" = "YES"; "GCC_C_LANGUAGE_STANDARD" = "gnu11"; "CLANG_CXX_LANGUAGE_STANDARD" = "gnu++17"; "DEBUG_INFORMATION_FORMAT" = "dwarf-with-dsym"; "GCC_OPTIMIZATION_LEVEL" = "s"; "SWIFT_OPTIMIZATION_LEVEL" = "-O"; "SWIFT_COMPILATION_MODE" = "wholemodule"; "ONLY_ACTIVE_ARCH" = "NO";}; name = Profile;};
F972733F5179D5DF526225E0 = {isa = XCConfigurationList; buildConfigurations = (9C4A32203984E6AA54F3CA5D,09912808D422D63E4FEDD04D,AB9691A9F14FA7324F5F42D4,); defaultConfigurationIsVisible = 0; defaultConfigurationName = Release;};
3175A2C6E413F3F61B7038EC = {isa = XCBuildConfiguration; baseConfigurationReference = 33D6016D654C59424AD9F78C; buildSettings = {"IPHONEOS_DEPLOYMENT_TARGET" = "15.0"; "SDKROOT" = "iphoneos"; "SUPPORTED_PLATFORMS" = "iphoneos"; "ARCHS" = "arm64"; "TARGETED_DEVICE_FAMILY" = "1,2"; "SWIFT_VERSION" = "5.0"; "ENABLE_BITCODE" = "NO"; "CLANG_ENABLE_MODULES" = "YES"; "ENABLE_USER_SCRIPT_SANDBOXING" = "NO"; "CODE_SIGN_STYLE" = "Automatic"; "CLANG_ENABLE_OBJC_ARC" = "YES"; "GCC_C_LANGUAGE_STANDARD" = "gnu11"; "CLANG_CXX_LANGUAGE_STANDARD" = "gnu++17"; "SWIFT_OBJC_BRIDGING_HEADER" = "$(SRCROOT)/Runner/Runner-Bridging-Header.h"; "HEADER_SEARCH_PATHS" = ("$(inherited)","$(SRCROOT)/Shared",); "LIBRARY_SEARCH_PATHS" = ("$(inherited)","$(SRCROOT)/../libclash/ios",); "OTHER_LDFLAGS" = ("$(inherited)","-lclash","-lresolv","-framework","NetworkExtension","-framework","SystemConfiguration","-framework","Security",); "LD_RUNPATH_SEARCH_PATHS" = ("$(inherited)","@executable_path/Frameworks",); "PRODUCT_NAME" = "$(TARGET_NAME)"; "PRODUCT_BUNDLE_IDENTIFIER" = "$(APP_BUNDLE_ID)"; "INFOPLIST_FILE" = "Runner/Info.plist"; "CODE_SIGN_ENTITLEMENTS" = "Runner/Runner.entitlements"; "SWIFT_INSTALL_OBJC_HEADER" = "NO"; "ASSETCATALOG_COMPILER_APPICON_NAME" = "AppIcon";}; name = Debug;};
CC345FAA8FDFB4FFAC004C82 = {isa = XCBuildConfiguration; baseConfigurationReference = 10DF966175FDB4190FD04B03; buildSettings = {"IPHONEOS_DEPLOYMENT_TARGET" = "15.0"; "SDKROOT" = "iphoneos"; "SUPPORTED_PLATFORMS" = "iphoneos"; "ARCHS" = "arm64"; "TARGETED_DEVICE_FAMILY" = "1,2"; "SWIFT_VERSION" = "5.0"; "ENABLE_BITCODE" = "NO"; "CLANG_ENABLE_MODULES" = "YES"; "ENABLE_USER_SCRIPT_SANDBOXING" = "NO"; "CODE_SIGN_STYLE" = "Automatic"; "CLANG_ENABLE_OBJC_ARC" = "YES"; "GCC_C_LANGUAGE_STANDARD" = "gnu11"; "CLANG_CXX_LANGUAGE_STANDARD" = "gnu++17"; "SWIFT_OBJC_BRIDGING_HEADER" = "$(SRCROOT)/Runner/Runner-Bridging-Header.h"; "HEADER_SEARCH_PATHS" = ("$(inherited)","$(SRCROOT)/Shared",); "LIBRARY_SEARCH_PATHS" = ("$(inherited)","$(SRCROOT)/../libclash/ios",); "OTHER_LDFLAGS" = ("$(inherited)","-lclash","-lresolv","-framework","NetworkExtension","-framework","SystemConfiguration","-framework","Security",); "LD_RUNPATH_SEARCH_PATHS" = ("$(inherited)","@executable_path/Frameworks",); "PRODUCT_NAME" = "$(TARGET_NAME)"; "PRODUCT_BUNDLE_IDENTIFIER" = "$(APP_BUNDLE_ID)"; "INFOPLIST_FILE" = "Runner/Info.plist"; "CODE_SIGN_ENTITLEMENTS" = "Runner/Runner.entitlements"; "SWIFT_INSTALL_OBJC_HEADER" = "NO"; "ASSETCATALOG_COMPILER_APPICON_NAME" = "AppIcon";}; name = Release;};
0B7033442967714929751B0F = {isa = XCBuildConfiguration; baseConfigurationReference = 5D81A7158FDB1CA949463BB9; buildSettings = {"IPHONEOS_DEPLOYMENT_TARGET" = "15.0"; "SDKROOT" = "iphoneos"; "SUPPORTED_PLATFORMS" = "iphoneos"; "ARCHS" = "arm64"; "TARGETED_DEVICE_FAMILY" = "1,2"; "SWIFT_VERSION" = "5.0"; "ENABLE_BITCODE" = "NO"; "CLANG_ENABLE_MODULES" = "YES"; "ENABLE_USER_SCRIPT_SANDBOXING" = "NO"; "CODE_SIGN_STYLE" = "Automatic"; "CLANG_ENABLE_OBJC_ARC" = "YES"; "GCC_C_LANGUAGE_STANDARD" = "gnu11"; "CLANG_CXX_LANGUAGE_STANDARD" = "gnu++17"; "SWIFT_OBJC_BRIDGING_HEADER" = "$(SRCROOT)/Runner/Runner-Bridging-Header.h"; "HEADER_SEARCH_PATHS" = ("$(inherited)","$(SRCROOT)/Shared",); "LIBRARY_SEARCH_PATHS" = ("$(inherited)","$(SRCROOT)/../libclash/ios",); "OTHER_LDFLAGS" = ("$(inherited)","-lclash","-lresolv","-framework","NetworkExtension","-framework","SystemConfiguration","-framework","Security",); "LD_RUNPATH_SEARCH_PATHS" = ("$(inherited)","@executable_path/Frameworks",); "PRODUCT_NAME" = "$(TARGET_NAME)"; "PRODUCT_BUNDLE_IDENTIFIER" = "$(APP_BUNDLE_ID)"; "INFOPLIST_FILE" = "Runner/Info.plist"; "CODE_SIGN_ENTITLEMENTS" = "Runner/Runner.entitlements"; "SWIFT_INSTALL_OBJC_HEADER" = "NO"; "ASSETCATALOG_COMPILER_APPICON_NAME" = "AppIcon";}; name = Profile;};
FB2DCD6E78616EB74253C17A = {isa = XCConfigurationList; buildConfigurations = (3175A2C6E413F3F61B7038EC,CC345FAA8FDFB4FFAC004C82,0B7033442967714929751B0F,); defaultConfigurationIsVisible = 0; defaultConfigurationName = Release;};
E5B15A5E475E60CD32AB7811 = {isa = XCBuildConfiguration; baseConfigurationReference = 02A7A45DE75AB9523C719AB4; buildSettings = {"IPHONEOS_DEPLOYMENT_TARGET" = "15.0"; "SDKROOT" = "iphoneos"; "SUPPORTED_PLATFORMS" = "iphoneos"; "ARCHS" = "arm64"; "TARGETED_DEVICE_FAMILY" = "1,2"; "SWIFT_VERSION" = "5.0"; "ENABLE_BITCODE" = "NO"; "CLANG_ENABLE_MODULES" = "YES"; "ENABLE_USER_SCRIPT_SANDBOXING" = "NO"; "CODE_SIGN_STYLE" = "Automatic"; "CLANG_ENABLE_OBJC_ARC" = "YES"; "GCC_C_LANGUAGE_STANDARD" = "gnu11"; "CLANG_CXX_LANGUAGE_STANDARD" = "gnu++17"; "SWIFT_OBJC_BRIDGING_HEADER" = "$(SRCROOT)/PacketTunnel/PacketTunnel-Bridging-Header.h"; "HEADER_SEARCH_PATHS" = ("$(inherited)","$(SRCROOT)/Shared",); "LIBRARY_SEARCH_PATHS" = ("$(inherited)","$(SRCROOT)/../libclash/ios",); "OTHER_LDFLAGS" = ("$(inherited)","-lclash","-lresolv","-framework","NetworkExtension","-framework","SystemConfiguration","-framework","Security",); "LD_RUNPATH_SEARCH_PATHS" = ("$(inherited)","@executable_path/Frameworks","@executable_path/../../Frameworks",); "PRODUCT_NAME" = "$(TARGET_NAME)"; "PRODUCT_BUNDLE_IDENTIFIER" = "$(APP_BUNDLE_ID).PacketTunnel"; "INFOPLIST_FILE" = "PacketTunnel/Info.plist"; "CODE_SIGN_ENTITLEMENTS" = "PacketTunnel/PacketTunnel.entitlements"; "SWIFT_INSTALL_OBJC_HEADER" = "NO"; "APPLICATION_EXTENSION_API_ONLY" = "YES"; "SKIP_INSTALL" = "YES";}; name = Debug;};
49226BF80D798A764DB75F1E = {isa = XCBuildConfiguration; baseConfigurationReference = 02A7A45DE75AB9523C719AB4; buildSettings = {"IPHONEOS_DEPLOYMENT_TARGET" = "15.0"; "SDKROOT" = "iphoneos"; "SUPPORTED_PLATFORMS" = "iphoneos"; "ARCHS" = "arm64"; "TARGETED_DEVICE_FAMILY" = "1,2"; "SWIFT_VERSION" = "5.0"; "ENABLE_BITCODE" = "NO"; "CLANG_ENABLE_MODULES" = "YES"; "ENABLE_USER_SCRIPT_SANDBOXING" = "NO"; "CODE_SIGN_STYLE" = "Automatic"; "CLANG_ENABLE_OBJC_ARC" = "YES"; "GCC_C_LANGUAGE_STANDARD" = "gnu11"; "CLANG_CXX_LANGUAGE_STANDARD" = "gnu++17"; "SWIFT_OBJC_BRIDGING_HEADER" = "$(SRCROOT)/PacketTunnel/PacketTunnel-Bridging-Header.h"; "HEADER_SEARCH_PATHS" = ("$(inherited)","$(SRCROOT)/Shared",); "LIBRARY_SEARCH_PATHS" = ("$(inherited)","$(SRCROOT)/../libclash/ios",); "OTHER_LDFLAGS" = ("$(inherited)","-lclash","-lresolv","-framework","NetworkExtension","-framework","SystemConfiguration","-framework","Security",); "LD_RUNPATH_SEARCH_PATHS" = ("$(inherited)","@executable_path/Frameworks","@executable_path/../../Frameworks",); "PRODUCT_NAME" = "$(TARGET_NAME)"; "PRODUCT_BUNDLE_IDENTIFIER" = "$(APP_BUNDLE_ID).PacketTunnel"; "INFOPLIST_FILE" = "PacketTunnel/Info.plist"; "CODE_SIGN_ENTITLEMENTS" = "PacketTunnel/PacketTunnel.entitlements"; "SWIFT_INSTALL_OBJC_HEADER" = "NO"; "APPLICATION_EXTENSION_API_ONLY" = "YES"; "SKIP_INSTALL" = "YES";}; name = Release;};
CF7825CC846D4C890A5A17D7 = {isa = XCBuildConfiguration; baseConfigurationReference = 02A7A45DE75AB9523C719AB4; buildSettings = {"IPHONEOS_DEPLOYMENT_TARGET" = "15.0"; "SDKROOT" = "iphoneos"; "SUPPORTED_PLATFORMS" = "iphoneos"; "ARCHS" = "arm64"; "TARGETED_DEVICE_FAMILY" = "1,2"; "SWIFT_VERSION" = "5.0"; "ENABLE_BITCODE" = "NO"; "CLANG_ENABLE_MODULES" = "YES"; "ENABLE_USER_SCRIPT_SANDBOXING" = "NO"; "CODE_SIGN_STYLE" = "Automatic"; "CLANG_ENABLE_OBJC_ARC" = "YES"; "GCC_C_LANGUAGE_STANDARD" = "gnu11"; "CLANG_CXX_LANGUAGE_STANDARD" = "gnu++17"; "SWIFT_OBJC_BRIDGING_HEADER" = "$(SRCROOT)/PacketTunnel/PacketTunnel-Bridging-Header.h"; "HEADER_SEARCH_PATHS" = ("$(inherited)","$(SRCROOT)/Shared",); "LIBRARY_SEARCH_PATHS" = ("$(inherited)","$(SRCROOT)/../libclash/ios",); "OTHER_LDFLAGS" = ("$(inherited)","-lclash","-lresolv","-framework","NetworkExtension","-framework","SystemConfiguration","-framework","Security",); "LD_RUNPATH_SEARCH_PATHS" = ("$(inherited)","@executable_path/Frameworks","@executable_path/../../Frameworks",); "PRODUCT_NAME" = "$(TARGET_NAME)"; "PRODUCT_BUNDLE_IDENTIFIER" = "$(APP_BUNDLE_ID).PacketTunnel"; "INFOPLIST_FILE" = "PacketTunnel/Info.plist"; "CODE_SIGN_ENTITLEMENTS" = "PacketTunnel/PacketTunnel.entitlements"; "SWIFT_INSTALL_OBJC_HEADER" = "NO"; "APPLICATION_EXTENSION_API_ONLY" = "YES"; "SKIP_INSTALL" = "YES";}; name = Profile;};
E4BB3E94C51E631B27CEE2B9 = {isa = XCConfigurationList; buildConfigurations = (E5B15A5E475E60CD32AB7811,49226BF80D798A764DB75F1E,CF7825CC846D4C890A5A17D7,); defaultConfigurationIsVisible = 0; defaultConfigurationName = Release;};
414EBE56078DEA8B7F39B9B8 = {isa = XCBuildConfiguration; baseConfigurationReference = 02A7A45DE75AB9523C719AB4; buildSettings = {"SDKROOT" = "iphoneos"; "SUPPORTED_PLATFORMS" = "iphoneos"; "ARCHS" = "arm64"; "CODE_SIGNING_ALLOWED" = "NO";}; name = Debug;};
AD9C391D713985ECFE7270CD = {isa = XCBuildConfiguration; baseConfigurationReference = 02A7A45DE75AB9523C719AB4; buildSettings = {"SDKROOT" = "iphoneos"; "SUPPORTED_PLATFORMS" = "iphoneos"; "ARCHS" = "arm64"; "CODE_SIGNING_ALLOWED" = "NO";}; name = Release;};
11B10EF63629B2104FBDC6A0 = {isa = XCBuildConfiguration; baseConfigurationReference = 02A7A45DE75AB9523C719AB4; buildSettings = {"SDKROOT" = "iphoneos"; "SUPPORTED_PLATFORMS" = "iphoneos"; "ARCHS" = "arm64"; "CODE_SIGNING_ALLOWED" = "NO";}; name = Profile;};
23BF71024EED065A016C3592 = {isa = XCConfigurationList; buildConfigurations = (414EBE56078DEA8B7F39B9B8,AD9C391D713985ECFE7270CD,11B10EF63629B2104FBDC6A0,); defaultConfigurationIsVisible = 0; defaultConfigurationName = Release;};
F900C39E3B6C78BC60FE1EB2 = {isa = PBXAggregateTarget; buildConfigurationList = 23BF71024EED065A016C3592; buildPhases = (C5386CBF05D7FC8EEDA52787,); dependencies = (); name = MeowCore; productName = MeowCore;};
0E2B88561A77AD6E097397DF = {isa = PBXContainerItemProxy; containerPortal = 56CC3C9E08382E9258B2443E; proxyType = 1; remoteGlobalIDString = F900C39E3B6C78BC60FE1EB2; remoteInfo = "MeowCore";};
0AE050096AA3FD31F1928196 = {isa = PBXTargetDependency; target = F900C39E3B6C78BC60FE1EB2; targetProxy = 0E2B88561A77AD6E097397DF;};
F5E01CDEBCB3756AC3250553 = {isa = PBXNativeTarget; buildConfigurationList = E4BB3E94C51E631B27CEE2B9; buildPhases = (765C03D0E08C97D4E6DCD6ED,C13C3EED9F70EF11CE995662,); buildRules = (); dependencies = (0AE050096AA3FD31F1928196,); name = PacketTunnel; productName = PacketTunnel; productReference = A2EA633EB532F8F45409F4B7; productType = "com.apple.product-type.app-extension";};
14FED7CC1B089EF276E8BD13 = {isa = PBXContainerItemProxy; containerPortal = 56CC3C9E08382E9258B2443E; proxyType = 1; remoteGlobalIDString = F5E01CDEBCB3756AC3250553; remoteInfo = "PacketTunnel";};
65AA2893F3A001598EAFD7C7 = {isa = PBXTargetDependency; target = F5E01CDEBCB3756AC3250553; targetProxy = 14FED7CC1B089EF276E8BD13;};
04CE06A1C292A5AB8C1A3FC5 = {isa = PBXContainerItemProxy; containerPortal = 56CC3C9E08382E9258B2443E; proxyType = 1; remoteGlobalIDString = F900C39E3B6C78BC60FE1EB2; remoteInfo = "MeowCore";};
522291D115160FF09A5175FE = {isa = PBXTargetDependency; target = F900C39E3B6C78BC60FE1EB2; targetProxy = 04CE06A1C292A5AB8C1A3FC5;};
779F4B57923F091D2087B767 = {isa = PBXNativeTarget; buildConfigurationList = FB2DCD6E78616EB74253C17A; buildPhases = (8DDE35E87B69AEC928230ADC,8F97D0D0D85C18E1AB2199FD,52B0FE1B3DD38B21954D93D8,EAECA608681C174871B6A18A,41A895ABD88FAB6AD478B0C7,28380FFBCB8EC5D4D50E4CFA,); buildRules = (); dependencies = (65AA2893F3A001598EAFD7C7,522291D115160FF09A5175FE,); name = Runner; productName = Runner; productReference = 52F62DAEB6A87DD8AC72DD72; productType = "com.apple.product-type.application";};
56CC3C9E08382E9258B2443E = {isa = PBXProject; attributes = {BuildIndependentTargetsInParallel = YES; LastUpgradeCheck = 1600; TargetAttributes = {779F4B57923F091D2087B767 = {CreatedOnToolsVersion = 16.0; LastSwiftMigration = 1600; SystemCapabilities = {com.apple.ApplicationGroups.iOS = {enabled = 1;}; com.apple.NetworkExtensions.iOS = {enabled = 1;};};}; F5E01CDEBCB3756AC3250553 = {CreatedOnToolsVersion = 16.0; SystemCapabilities = {com.apple.ApplicationGroups.iOS = {enabled = 1;}; com.apple.NetworkExtensions.iOS = {enabled = 1;};};};};}; buildConfigurationList = F972733F5179D5DF526225E0; compatibilityVersion = "Xcode 14.0"; developmentRegion = en; hasScannedForEncodings = 0; knownRegions = (en,Base,); mainGroup = 92FF466FAA05DE12ECDB004B; productRefGroup = 346BD5CC39C27EB4EB0B052A; projectDirPath = ""; projectRoot = ""; targets = (779F4B57923F091D2087B767,F5E01CDEBCB3756AC3250553,F900C39E3B6C78BC60FE1EB2,);};
};
rootObject = 56CC3C9E08382E9258B2443E;
}
